
Microsoft Visual Studio Solution File, Format Version 12.00
# Visual Studio Version 16
VisualStudioVersion = 16.0.29709.97
MinimumVisualStudioVersion = 10.0.40219.1
Project("{FAE04EC0-301F-11D3-BF4B-00C04F79EFBC}") = "Eksempler", "Eksempler\Eksempler.csproj", "{158FD328-2480-4AF6-BD79-1A0709A9D97F}"
EndProject
Global
	GlobalSection(SolutionConfigurationPlatforms) = preSolution
		Debug|Any CPU = Debug|Any CPU
		Release|Any CPU = Release|Any CPU
	EndGlobalSection
	GlobalSection(ProjectConfigurationPlatforms) = postSolution
		{158FD328-2480-4AF6-BD79-1A0709A9D97F}.Debug|Any CPU.ActiveCfg = Debug|Any CPU
		{158FD328-2480-4AF6-BD79-1A0709A9D97F}.Debug|Any CPU.Build.0 = Debug|Any CPU
		{158FD328-2480-4AF6-BD79-1A0709A9D97F}.Release|Any CPU.ActiveCfg = Release|Any CPU
		{158FD328-2480-4AF6-BD79-1A0709A9D97F}.Release|Any CPU.Build.0 = Release|Any CPU
	EndGlobalSection
	GlobalSection(SolutionProperties) = preSolution
		HideSolutionNode = FALSE
	EndGlobalSection
	GlobalSection(ExtensibilityGlobals) = postSolution
		SolutionGuid = {4C23511B-9EC5-4516-AFA8-23DBCA1B85C9}
	EndGlobalSection
EndGlobal
